
Microsoft Visual Studio Solution File, Format Version 11.00
# Visual Studio 2010
Project("{FAE04EC0-301F-11D3-BF4B-00C04F79EFBC}") = "XnaFlyby.Game", "XnaFlyby.Game\XnaFlyby.Game.csproj", "{048AFF48-BDAC-43B9-BAF2-36E98A6A81C2}"
EndProject
Project("{FAE04EC0-301F-11D3-BF4B-00C04F79EFBC}") = "XnaFlyby.Library", "XnaFlyby.Library\XnaFlyby.Library.csproj", "{E96EC17B-5F6F-43C7-820F-7923FCC70EFA}"
EndProject
Project("{FAE04EC0-301F-11D3-BF4B-00C04F79EFBC}") = "XnaFlyby.Assets", "XnaFlyby.Assets\XnaFlyby.Assets.contentproj", "{DFBCF100-85A7-41B9-B324-B7DD12D5E30F}"
EndProject
Project("{FAE04EC0-301F-11D3-BF4B-00C04F79EFBC}") = "XnaFlyby.Tests", "XnaFlyby.Tests\XnaFlyby.Tests.csproj", "{D1308D00-3121-49D4-A685-39B29E16A42D}"
EndProject
Project("{2150E333-8FDC-42A3-9474-1A3956D46DE8}") = "Solution Items", "Solution Items", "{6A995591-D2F2-40D1-8B6B-DD52257B0969}"
	ProjectSection(SolutionItems) = preProject
		license.md = license.md
		README.md = README.md
	EndProjectSection
EndProject
Global
	GlobalSection(SolutionConfigurationPlatforms) = preSolution
		Debug|Any CPU = Debug|Any CPU
		Debug|Mixed Platforms = Debug|Mixed Platforms
		Debug|x86 = Debug|x86
		Release|Any CPU = Release|Any CPU
		Release|Mixed Platforms = Release|Mixed Platforms
		Release|x86 = Release|x86
	EndGlobalSection
	GlobalSection(ProjectConfigurationPlatforms) = postSolution
		{048AFF48-BDAC-43B9-BAF2-36E98A6A81C2}.Debug|Any CPU.ActiveCfg = Debug|x86
		{048AFF48-BDAC-43B9-BAF2-36E98A6A81C2}.Debug|Mixed Platforms.ActiveCfg = Debug|x86
		{048AFF48-BDAC-43B9-BAF2-36E98A6A81C2}.Debug|Mixed Platforms.Build.0 = Debug|x86
		{048AFF48-BDAC-43B9-BAF2-36E98A6A81C2}.Debug|x86.ActiveCfg = Debug|x86
		{048AFF48-BDAC-43B9-BAF2-36E98A6A81C2}.Debug|x86.Build.0 = Debug|x86
		{048AFF48-BDAC-43B9-BAF2-36E98A6A81C2}.Release|Any CPU.ActiveCfg = Release|x86
		{048AFF48-BDAC-43B9-BAF2-36E98A6A81C2}.Release|Mixed Platforms.ActiveCfg = Release|x86
		{048AFF48-BDAC-43B9-BAF2-36E98A6A81C2}.Release|Mixed Platforms.Build.0 = Release|x86
		{048AFF48-BDAC-43B9-BAF2-36E98A6A81C2}.Release|x86.ActiveCfg = Release|x86
		{048AFF48-BDAC-43B9-BAF2-36E98A6A81C2}.Release|x86.Build.0 = Release|x86
		{E96EC17B-5F6F-43C7-820F-7923FCC70EFA}.Debug|Any CPU.ActiveCfg = Debug|x86
		{E96EC17B-5F6F-43C7-820F-7923FCC70EFA}.Debug|Mixed Platforms.ActiveCfg = Debug|x86
		{E96EC17B-5F6F-43C7-820F-7923FCC70EFA}.Debug|Mixed Platforms.Build.0 = Debug|x86
		{E96EC17B-5F6F-43C7-820F-7923FCC70EFA}.Debug|x86.ActiveCfg = Debug|x86
		{E96EC17B-5F6F-43C7-820F-7923FCC70EFA}.Debug|x86.Build.0 = Debug|x86
		{E96EC17B-5F6F-43C7-820F-7923FCC70EFA}.Release|Any CPU.ActiveCfg = Release|x86
		{E96EC17B-5F6F-43C7-820F-7923FCC70EFA}.Release|Mixed Platforms.ActiveCfg = Release|x86
		{E96EC17B-5F6F-43C7-820F-7923FCC70EFA}.Release|Mixed Platforms.Build.0 = Release|x86
		{E96EC17B-5F6F-43C7-820F-7923FCC70EFA}.Release|x86.ActiveCfg = Release|x86
		{E96EC17B-5F6F-43C7-820F-7923FCC70EFA}.Release|x86.Build.0 = Release|x86
		{DFBCF100-85A7-41B9-B324-B7DD12D5E30F}.Debug|Any CPU.ActiveCfg = Debug|x86
		{DFBCF100-85A7-41B9-B324-B7DD12D5E30F}.Debug|Mixed Platforms.ActiveCfg = Debug|x86
		{DFBCF100-85A7-41B9-B324-B7DD12D5E30F}.Debug|x86.ActiveCfg = Debug|x86
		{DFBCF100-85A7-41B9-B324-B7DD12D5E30F}.Release|Any CPU.ActiveCfg = Release|x86
		{DFBCF100-85A7-41B9-B324-B7DD12D5E30F}.Release|Mixed Platforms.ActiveCfg = Release|x86
		{DFBCF100-85A7-41B9-B324-B7DD12D5E30F}.Release|x86.ActiveCfg = Release|x86
		{D1308D00-3121-49D4-A685-39B29E16A42D}.Debug|Any CPU.ActiveCfg = Debug|Any CPU
		{D1308D00-3121-49D4-A685-39B29E16A42D}.Debug|Any CPU.Build.0 = Debug|Any CPU
		{D1308D00-3121-49D4-A685-39B29E16A42D}.Debug|Mixed Platforms.ActiveCfg = Debug|Any CPU
		{D1308D00-3121-49D4-A685-39B29E16A42D}.Debug|Mixed Platforms.Build.0 = Debug|Any CPU
		{D1308D00-3121-49D4-A685-39B29E16A42D}.Debug|x86.ActiveCfg = Debug|Any CPU
		{D1308D00-3121-49D4-A685-39B29E16A42D}.Release|Any CPU.ActiveCfg = Release|Any CPU
		{D1308D00-3121-49D4-A685-39B29E16A42D}.Release|Any CPU.Build.0 = Release|Any CPU
		{D1308D00-3121-49D4-A685-39B29E16A42D}.Release|Mixed Platforms.ActiveCfg = Release|Any CPU
		{D1308D00-3121-49D4-A685-39B29E16A42D}.Release|Mixed Platforms.Build.0 = Release|Any CPU
		{D1308D00-3121-49D4-A685-39B29E16A42D}.Release|x86.ActiveCfg = Release|Any CPU
	EndGlobalSection
	GlobalSection(SolutionProperties) = preSolution
		HideSolutionNode = FALSE
	EndGlobalSection
EndGlobal
